
Microsoft Visual Studio Solution File, Format Version 12.00
# Visual Studio Version 17
VisualStudioVersion = 17.0.31903.59
MinimumVisualStudioVersion = 10.0.40219.1
Project("{2150E333-8FDC-42A3-9474-1A3956D46DE8}") = "src", "src", "{BC3BFB92-08CE-44B0-9625-088F994B2988}"
EndProject
Project("{2150E333-8FDC-42A3-9474-1A3956D46DE8}") = "tests", "tests", "{DD61D693-0AFD-4092-B85F-60AA8FF54FF6}"
EndProject
Project("{FAE04EC0-301F-11D3-BF4B-00C04F79EFBC}") = "Aiursoft.Httping", "src\Aiursoft.Httping\Aiursoft.Httping.csproj", "{C893224E-35AD-46CF-9E6A-83D8B9E2C5A9}"
EndProject
Project("{FAE04EC0-301F-11D3-BF4B-00C04F79EFBC}") = "Aiursoft.Httping.Tests", "tests\Aiursoft.Httping.Tests\Aiursoft.Httping.Tests.csproj", "{624A743E-A929-4D6F-964B-ACB1A082F414}"
EndProject
Global
	GlobalSection(SolutionConfigurationPlatforms) = preSolution
		Debug|Any CPU = Debug|Any CPU
		Release|Any CPU = Release|Any CPU
	EndGlobalSection
	GlobalSection(SolutionProperties) = preSolution
		HideSolutionNode = FALSE
	EndGlobalSection
	GlobalSection(NestedProjects) = preSolution
		{C893224E-35AD-46CF-9E6A-83D8B9E2C5A9} = {BC3BFB92-08CE-44B0-9625-088F994B2988}
		{624A743E-A929-4D6F-964B-ACB1A082F414} = {DD61D693-0AFD-4092-B85F-60AA8FF54FF6}
	EndGlobalSection
	GlobalSection(ProjectConfigurationPlatforms) = postSolution
		{C893224E-35AD-46CF-9E6A-83D8B9E2C5A9}.Debug|Any CPU.ActiveCfg = Debug|Any CPU
		{C893224E-35AD-46CF-9E6A-83D8B9E2C5A9}.Debug|Any CPU.Build.0 = Debug|Any CPU
		{C893224E-35AD-46CF-9E6A-83D8B9E2C5A9}.Release|Any CPU.ActiveCfg = Release|Any CPU
		{C893224E-35AD-46CF-9E6A-83D8B9E2C5A9}.Release|Any CPU.Build.0 = Release|Any CPU
		{624A743E-A929-4D6F-964B-ACB1A082F414}.Debug|Any CPU.ActiveCfg = Debug|Any CPU
		{624A743E-A929-4D6F-964B-ACB1A082F414}.Debug|Any CPU.Build.0 = Debug|Any CPU
		{624A743E-A929-4D6F-964B-ACB1A082F414}.Release|Any CPU.ActiveCfg = Release|Any CPU
		{624A743E-A929-4D6F-964B-ACB1A082F414}.Release|Any CPU.Build.0 = Release|Any CPU
	EndGlobalSection
EndGlobal
